// !$*UTF8*$!
{
	archiveVersion = 1;
	classes = {
	};
	objectVersion = 56;
	objects = {

/* Begin PBXBuildFile section */
		ACD61FE32AA3000400D5E3AD /* FructusApp.swift in Sources */ = {isa = PBXBuildFile; fileRef = ACD61FE22AA3000400D5E3AD /* FructusApp.swift */; };
		ACD61FE52AA3000400D5E3AD /* ContentView.swift in Sources */ = {isa = PBXBuildFile; fileRef = ACD61FE42AA3000400D5E3AD /* ContentView.swift */; };
		ACD61FE72AA3000500D5E3AD /* Assets.xcassets in Resources */ = {isa = PBXBuildFile; fileRef = ACD61FE62AA3000500D5E3AD /* Assets.xcassets */; };
		ACD61FEA2AA3000500D5E3AD /* Preview Assets.xcassets in Resources */ = {isa = PBXBuildFile; fileRef = ACD61FE92AA3000500D5E3AD /* Preview Assets.xcassets */; };
		ACD61FF32AA3049100D5E3AD /* FruitCardView.swift in Sources */ = {isa = PBXBuildFile; fileRef = ACD61FF22AA3049100D5E3AD /* FruitCardView.swift */; };
		ACD61FF52AA30E9C00D5E3AD /* StartButtonView.swift in Sources */ = {isa = PBXBuildFile; fileRef = ACD61FF42AA30E9C00D5E3AD /* StartButtonView.swift */; };
		ACD61FF72AA3145200D5E3AD /* OnboardingView.swift in Sources */ = {isa = PBXBuildFile; fileRef = ACD61FF62AA3145200D5E3AD /* OnboardingView.swift */; };
		ACD61FFA2AA3364B00D5E3AD /* FruitModel.swift in Sources */ = {isa = PBXBuildFile; fileRef = ACD61FF92AA3364B00D5E3AD /* FruitModel.swift */; };
		ACD61FFD2AA3375F00D5E3AD /* FruitData.swift in Sources */ = {isa = PBXBuildFile; fileRef = ACD61FFC2AA3375F00D5E3AD /* FruitData.swift */; };
		ACD61FFF2AA3480300D5E3AD /* FruitRowView.swift in Sources */ = {isa = PBXBuildFile; fileRef = ACD61FFE2AA3480300D5E3AD /* FruitRowView.swift */; };
		ACD620012AA377CD00D5E3AD /* FruitDetailsView.swift in Sources */ = {isa = PBXBuildFile; fileRef = ACD620002AA377CD00D5E3AD /* FruitDetailsView.swift */; };
		ACD620032AA3903A00D5E3AD /* FruitHeaderView.swift in Sources */ = {isa = PBXBuildFile; fileRef = ACD620022AA3903A00D5E3AD /* FruitHeaderView.swift */; };
		ACD620052AA394DF00D5E3AD /* SourceLinkView.swift in Sources */ = {isa = PBXBuildFile; fileRef = ACD620042AA394DF00D5E3AD /* SourceLinkView.swift */; };
		ACD620072AA39CCD00D5E3AD /* FruitNutrientsView.swift in Sources */ = {isa = PBXBuildFile; fileRef = ACD620062AA39CCD00D5E3AD /* FruitNutrientsView.swift */; };
		ACD620092AA3A20200D5E3AD /* SettingsView.swift in Sources */ = {isa = PBXBuildFile; fileRef = ACD620082AA3A20100D5E3AD /* SettingsView.swift */; };
		ACD6200B2AA3A7DD00D5E3AD /* SettingsLabelView.swift in Sources */ = {isa = PBXBuildFile; fileRef = ACD6200A2AA3A7DD00D5E3AD /* SettingsLabelView.swift */; };
		ACDCC57E2AA44516003251D3 /* SettingsRowView.swift in Sources */ = {isa = PBXBuildFile; fileRef = ACDCC57D2AA44516003251D3 /* SettingsRowView.swift */; };
/* End PBXBuildFile section */

/* Begin PBXFileReference section */
		ACD61FDF2AA3000400D5E3AD /* Fructus.app */ = {isa = PBXFileReference; explicitFileType = wrapper.application; includeInIndex = 0; path = Fructus.app; sourceTree = BUILT_PRODUCTS_DIR; };
		ACD61FE22AA3000400D5E3AD /* FructusApp.swift */ = {isa = PBXFileReference; lastKnownFileType = sourcecode.swift; path = FructusApp.swift; sourceTree = "<group>"; };
		ACD61FE42AA3000400D5E3AD /* ContentView.swift */ = {isa = PBXFileReference; lastKnownFileType = sourcecode.swift; path = ContentView.swift; sourceTree = "<group>"; };
		ACD61FE62AA3000500D5E3AD /* Assets.xcassets */ = {isa = PBXFileReference; lastKnownFileType = folder.assetcatalog; path = Assets.xcassets; sourceTree = "<group>"; };
		ACD61FE92AA3000500D5E3AD /* Preview Assets.xcassets */ = {isa = PBXFileReference; lastKnownFileType = folder.assetcatalog; path = "Preview Assets.xcassets"; sourceTree = "<group>"; };
		ACD61FF22AA3049100D5E3AD /* FruitCardView.swift */ = {isa = PBXFileReference; lastKnownFileType = sourcecode.swift; path = FruitCardView.swift; sourceTree = "<group>"; };
		ACD61FF42AA30E9C00D5E3AD /* StartButtonView.swift */ = {isa = PBXFileReference; lastKnownFileType = sourcecode.swift; path = StartButtonView.swift; sourceTree = "<group>"; };
		ACD61FF62AA3145200D5E3AD /* OnboardingView.swift */ = {isa = PBXFileReference; lastKnownFileType = sourcecode.swift; path = OnboardingView.swift; sourceTree = "<group>"; };
		ACD61FF92AA3364B00D5E3AD /* FruitModel.swift */ = {isa = PBXFileReference; lastKnownFileType = sourcecode.swift; path = FruitModel.swift; sourceTree = "<group>"; };
		ACD61FFC2AA3375F00D5E3AD /* FruitData.swift */ = {isa = PBXFileReference; lastKnownFileType = sourcecode.swift; path = FruitData.swift; sourceTree = "<group>"; };
		ACD61FFE2AA3480300D5E3AD /* FruitRowView.swift */ = {isa = PBXFileReference; lastKnownFileType = sourcecode.swift; path = FruitRowView.swift; sourceTree = "<group>"; };
		ACD620002AA377CD00D5E3AD /* FruitDetailsView.swift */ = {isa = PBXFileReference; lastKnownFileType = sourcecode.swift; path = FruitDetailsView.swift; sourceTree = "<group>"; };
		ACD620022AA3903A00D5E3AD /* FruitHeaderView.swift */ = {isa = PBXFileReference; lastKnownFileType = sourcecode.swift; path = FruitHeaderView.swift; sourceTree = "<group>"; };
		ACD620042AA394DF00D5E3AD /* SourceLinkView.swift */ = {isa = PBXFileReference; lastKnownFileType = sourcecode.swift; path = SourceLinkView.swift; sourceTree = "<group>"; };
		ACD620062AA39CCD00D5E3AD /* FruitNutrientsView.swift */ = {isa = PBXFileReference; lastKnownFileType = sourcecode.swift; path = FruitNutrientsView.swift; sourceTree = "<group>"; };
		ACD620082AA3A20100D5E3AD /* SettingsView.swift */ = {isa = PBXFileReference; lastKnownFileType = sourcecode.swift; path = SettingsView.swift; sourceTree = "<group>"; };
		ACD6200A2AA3A7DD00D5E3AD /* SettingsLabelView.swift */ = {isa = PBXFileReference; lastKnownFileType = sourcecode.swift; path = SettingsLabelView.swift; sourceTree = "<group>"; };
		ACDCC57D2AA44516003251D3 /* SettingsRowView.swift */ = {isa = PBXFileReference; lastKnownFileType = sourcecode.swift; path = SettingsRowView.swift; sourceTree = "<group>"; };
/* End PBXFileReference section */

/* Begin PBXFrameworksBuildPhase section */
		ACD61FDC2AA3000400D5E3AD /* Frameworks */ = {
			isa = PBXFrameworksBuildPhase;
			buildActionMask = 2147483647;
			files = (
			);
			runOnlyForDeploymentPostprocessing = 0;
		};
/* End PBXFrameworksBuildPhase section */

/* Begin PBXGroup section */
		ACD61FD62AA3000400D5E3AD = {
			isa = PBXGroup;
			children = (
				ACD61FE12AA3000400D5E3AD /* Fructus */,
				ACD61FE02AA3000400D5E3AD /* Products */,
			);
			sourceTree = "<group>";
		};
		ACD61FE02AA3000400D5E3AD /* Products */ = {
			isa = PBXGroup;
			children = (
				ACD61FDF2AA3000400D5E3AD /* Fructus.app */,
			);
			name = Products;
			sourceTree = "<group>";
		};
		ACD61FE12AA3000400D5E3AD /* Fructus */ = {
			isa = PBXGroup;
			children = (
				ACD61FFB2AA3374C00D5E3AD /* Data */,
				ACD61FF82AA3363B00D5E3AD /* Model */,
				ACD61FF12AA3047D00D5E3AD /* View */,
				ACD61FF02AA3044400D5E3AD /* App */,
				ACD61FE62AA3000500D5E3AD /* Assets.xcassets */,
				ACD61FE82AA3000500D5E3AD /* Preview Content */,
			);
			path = Fructus;
			sourceTree = "<group>";
		};
		ACD61FE82AA3000500D5E3AD /* Preview Content */ = {
			isa = PBXGroup;
			children = (
				ACD61FE92AA3000500D5E3AD /* Preview Assets.xcassets */,
			);
			path = "Preview Content";
			sourceTree = "<group>";
		};
		ACD61FF02AA3044400D5E3AD /* App */ = {
			isa = PBXGroup;
			children = (
				ACD61FE22AA3000400D5E3AD /* FructusApp.swift */,
				ACD61FE42AA3000400D5E3AD /* ContentView.swift */,
				ACD61FF62AA3145200D5E3AD /* OnboardingView.swift */,
				ACD620002AA377CD00D5E3AD /* FruitDetailsView.swift */,
				ACD620082AA3A20100D5E3AD /* SettingsView.swift */,
			);
			path = App;
			sourceTree = "<group>";
		};
		ACD61FF12AA3047D00D5E3AD /* View */ = {
			isa = PBXGroup;
			children = (
				ACD61FF22AA3049100D5E3AD /* FruitCardView.swift */,
				ACD61FF42AA30E9C00D5E3AD /* StartButtonView.swift */,
				ACD61FFE2AA3480300D5E3AD /* FruitRowView.swift */,
				ACD620022AA3903A00D5E3AD /* FruitHeaderView.swift */,
				ACD620042AA394DF00D5E3AD /* SourceLinkView.swift */,
				ACD620062AA39CCD00D5E3AD /* FruitNutrientsView.swift */,
				ACD6200A2AA3A7DD00D5E3AD /* SettingsLabelView.swift */,
				ACDCC57D2AA44516003251D3 /* SettingsRowView.swift */,
			);
			path = View;
			sourceTree = "<group>";
		};
		ACD61FF82AA3363B00D5E3AD /* Model */ = {
			isa = PBXGroup;
			children = (
				ACD61FF92AA3364B00D5E3AD /* FruitModel.swift */,
			);
			path = Model;
			sourceTree = "<group>";
		};
		ACD61FFB2AA3374C00D5E3AD /* Data */ = {
			isa = PBXGroup;
			children = (
				ACD61FFC2AA3375F00D5E3AD /* FruitData.swift */,
			);
			path = Data;
			sourceTree = "<group>";
		};
/* End PBXGroup section */

/* Begin PBXNativeTarget section */
		ACD61FDE2AA3000400D5E3AD /* Fructus */ = {
			isa = PBXNativeTarget;
			buildConfigurationList = ACD61FED2AA3000500D5E3AD /* Build configuration list for PBXNativeTarget "Fructus" */;
			buildPhases = (
				ACD61FDB2AA3000400D5E3AD /* Sources */,
				ACD61FDC2AA3000400D5E3AD /* Frameworks */,
				ACD61FDD2AA3000400D5E3AD /* Resources */,
			);
			buildRules = (
			);
			dependencies = (
			);
			name = Fructus;
			productName = Fructus;
			productReference = ACD61FDF2AA3000400D5E3AD /* Fructus.app */;
			productType = "com.apple.product-type.application";
		};
/* End PBXNativeTarget section */

/* Begin PBXProject section */
		ACD61FD72AA3000400D5E3AD /* Project object */ = {
			isa = PBXProject;
			attributes = {
				BuildIndependentTargetsInParallel = 1;
				LastSwiftUpdateCheck = 1420;
				LastUpgradeCheck = 1420;
				TargetAttributes = {
					ACD61FDE2AA3000400D5E3AD = {
						CreatedOnToolsVersion = 14.2;
					};
				};
			};
			buildConfigurationList = ACD61FDA2AA3000400D5E3AD /* Build configuration list for PBXProject "Fructus" */;
			compatibilityVersion = "Xcode 14.0";
			developmentRegion = en;
			hasScannedForEncodings = 0;
			knownRegions = (
				en,
				Base,
			);
			mainGroup = ACD61FD62AA3000400D5E3AD;
			productRefGroup = ACD61FE02AA3000400D5E3AD /* Products */;
			projectDirPath = "";
			projectRoot = "";
			targets = (
				ACD61FDE2AA3000400D5E3AD /* Fructus */,
			);
		};
/* End PBXProject section */

/* Begin PBXResourcesBuildPhase section */
		ACD61FDD2AA3000400D5E3AD /* Resources */ = {
			isa = PBXResourcesBuildPhase;
			buildActionMask = 2147483647;
			files = (
				ACD61FEA2AA3000500D5E3AD /* Preview Assets.xcassets in Resources */,
				ACD61FE72AA3000500D5E3AD /* Assets.xcassets in Resources */,
			);
			runOnlyForDeploymentPostprocessing = 0;
		};
/* End PBXResourcesBuildPhase section */

/* Begin PBXSourcesBuildPhase section */
		ACD61FDB2AA3000400D5E3AD /* Sources */ = {
			isa = PBXSourcesBuildPhase;
			buildActionMask = 2147483647;
			files = (
				ACD61FFD2AA3375F00D5E3AD /* FruitData.swift in Sources */,
				ACD620052AA394DF00D5E3AD /* SourceLinkView.swift in Sources */,
				ACDCC57E2AA44516003251D3 /* SettingsRowView.swift in Sources */,
				ACD61FF32AA3049100D5E3AD /* FruitCardView.swift in Sources */,
				ACD61FFF2AA3480300D5E3AD /* FruitRowView.swift in Sources */,
				ACD620072AA39CCD00D5E3AD /* FruitNutrientsView.swift in Sources */,
				ACD61FF52AA30E9C00D5E3AD /* StartButtonView.swift in Sources */,
				ACD620012AA377CD00D5E3AD /* FruitDetailsView.swift in Sources */,
				ACD61FE52AA3000400D5E3AD /* ContentView.swift in Sources */,
				ACD620032AA3903A00D5E3AD /* FruitHeaderView.swift in Sources */,
				ACD61FF72AA3145200D5E3AD /* OnboardingView.swift in Sources */,
				ACD6200B2AA3A7DD00D5E3AD /* SettingsLabelView.swift in Sources */,
				ACD61FFA2AA3364B00D5E3AD /* FruitModel.swift in Sources */,
				ACD61FE32AA3000400D5E3AD /* FructusApp.swift in Sources */,
				ACD620092AA3A20200D5E3AD /* SettingsView.swift in Sources */,
			);
			runOnlyForDeploymentPostprocessing = 0;
		};
/* End PBXSourcesBuildPhase section */

/* Begin XCBuildConfiguration section */
		ACD61FEB2AA3000500D5E3AD /* Debug */ = {
			isa = XCBuildConfiguration;
			buildSettings = {
				ALWAYS_SEARCH_USER_PATHS = NO;
				CLANG_ANALYZER_NONNULL = YES;
				CLANG_ANALYZER_NUMBER_OBJECT_CONVERSION = YES_AGGRESSIVE;
				CLANG_CXX_LANGUAGE_STANDARD = "gnu++20";
				CLANG_ENABLE_MODULES = YES;
				CLANG_ENABLE_OBJC_ARC = YES;
				CLANG_ENABLE_OBJC_WEAK = YES;
				CLANG_WARN_BLOCK_CAPTURE_AUTORELEASING = YES;
				CLANG_WARN_BOOL_CONVERSION = YES;
				CLANG_WARN_COMMA = YES;
				CLANG_WARN_CONSTANT_CONVERSION = YES;
				CLANG_WARN_DEPRECATED_OBJC_IMPLEMENTATIONS = YES;
				CLANG_WARN_DIRECT_OBJC_ISA_USAGE = YES_ERROR;
				CLANG_WARN_DOCUMENTATION_COMMENTS = YES;
				CLANG_WARN_EMPTY_BODY = YES;
				CLANG_WARN_ENUM_CONVERSION = YES;
				CLANG_WARN_INFINITE_RECURSION = YES;
				CLANG_WARN_INT_CONVERSION = YES;
				CLANG_WARN_NON_LITERAL_NULL_CONVERSION = YES;
				CLANG_WARN_OBJC_IMPLICIT_RETAIN_SELF = YES;
				CLANG_WARN_OBJC_LITERAL_CONVERSION = YES;
				CLANG_WARN_OBJC_ROOT_CLASS = YES_ERROR;
				CLANG_WARN_QUOTED_INCLUDE_IN_FRAMEWORK_HEADER = YES;
				CLANG_WARN_RANGE_LOOP_ANALYSIS = YES;
				CLANG_WARN_STRICT_PROTOTYPES = YES;
				CLANG_WARN_SUSPICIOUS_MOVE = YES;
				CLANG_WARN_UNGUARDED_AVAILABILITY = YES_AGGRESSIVE;
				CLANG_WARN_UNREACHABLE_CODE = YES;
				CLANG_WARN__DUPLICATE_METHOD_MATCH = YES;
				COPY_PHASE_STRIP = NO;
				DEBUG_INFORMATION_FORMAT = dwarf;
				ENABLE_STRICT_OBJC_MSGSEND = YES;
				ENABLE_TESTABILITY = YES;
				GCC_C_LANGUAGE_STANDARD = gnu11;
				GCC_DYNAMIC_NO_PIC = NO;
				GCC_NO_COMMON_BLOCKS = YES;
				GCC_OPTIMIZATION_LEVEL = 0;
				GCC_PREPROCESSOR_DEFINITIONS = (
					"DEBUG=1",
					"$(inherited)",
				);
				GCC_WARN_64_TO_32_BIT_CONVERSION = YES;
				GCC_WARN_ABOUT_RETURN_TYPE = YES_ERROR;
				GCC_WARN_UNDECLARED_SELECTOR = YES;
				GCC_WARN_UNINITIALIZED_AUTOS = YES_AGGRESSIVE;
				GCC_WARN_UNUSED_FUNCTION = YES;
				GCC_WARN_UNUSED_VARIABLE = YES;
				IPHONEOS_DEPLOYMENT_TARGET = 16.2;
				MTL_ENABLE_DEBUG_INFO = INCLUDE_SOURCE;
				MTL_FAST_MATH = YES;
				ONLY_ACTIVE_ARCH = YES;
				SDKROOT = iphoneos;
				SWIFT_ACTIVE_COMPILATION_CONDITIONS = DEBUG;
				SWIFT_OPTIMIZATION_LEVEL = "-Onone";
			};
			name = Debug;
		};
		ACD61FEC2AA3000500D5E3AD /* Release */ = {
			isa = XCBuildConfiguration;
			buildSettings = {
				ALWAYS_SEARCH_USER_PATHS = NO;
				CLANG_ANALYZER_NONNULL = YES;
				CLANG_ANALYZER_NUMBER_OBJECT_CONVERSION = YES_AGGRESSIVE;
				CLANG_CXX_LANGUAGE_STANDARD = "gnu++20";
				CLANG_ENABLE_MODULES = YES;
				CLANG_ENABLE_OBJC_ARC = YES;
				CLANG_ENABLE_OBJC_WEAK = YES;
				CLANG_WARN_BLOCK_CAPTURE_AUTORELEASING = YES;
				CLANG_WARN_BOOL_CONVERSION = YES;
				CLANG_WARN_COMMA = YES;
				CLANG_WARN_CONSTANT_CONVERSION = YES;
				CLANG_WARN_DEPRECATED_OBJC_IMPLEMENTATIONS = YES;
				CLANG_WARN_DIRECT_OBJC_ISA_USAGE = YES_ERROR;
				CLANG_WARN_DOCUMENTATION_COMMENTS = YES;
				CLANG_WARN_EMPTY_BODY = YES;
				CLANG_WARN_ENUM_CONVERSION = YES;
				CLANG_WARN_INFINITE_RECURSION = YES;
				CLANG_WARN_INT_CONVERSION = YES;
				CLANG_WARN_NON_LITERAL_NULL_CONVERSION = YES;
				CLANG_WARN_OBJC_IMPLICIT_RETAIN_SELF = YES;
				CLANG_WARN_OBJC_LITERAL_CONVERSION = YES;
				CLANG_WARN_OBJC_ROOT_CLASS = YES_ERROR;
				CLANG_WARN_QUOTED_INCLUDE_IN_FRAMEWORK_HEADER = YES;
				CLANG_WARN_RANGE_LOOP_ANALYSIS = YES;
				CLANG_WARN_STRICT_PROTOTYPES = YES;
				CLANG_WARN_SUSPICIOUS_MOVE = YES;
				CLANG_WARN_UNGUARDED_AVAILABILITY = YES_AGGRESSIVE;
				CLANG_WARN_UNREACHABLE_CODE = YES;
				CLANG_WARN__DUPLICATE_METHOD_MATCH = YES;
				COPY_PHASE_STRIP = NO;
				DEBUG_INFORMATION_FORMAT = "dwarf-with-dsym";
				ENABLE_NS_ASSERTIONS = NO;
				ENABLE_STRICT_OBJC_MSGSEND = YES;
				GCC_C_LANGUAGE_STANDARD = gnu11;
				GCC_NO_COMMON_BLOCKS = YES;
				GCC_WARN_64_TO_32_BIT_CONVERSION = YES;
				GCC_WARN_ABOUT_RETURN_TYPE = YES_ERROR;
				GCC_WARN_UNDECLARED_SELECTOR = YES;
				GCC_WARN_UNINITIALIZED_AUTOS = YES_AGGRESSIVE;
				GCC_WARN_UNUSED_FUNCTION = YES;
				GCC_WARN_UNUSED_VARIABLE = YES;
				IPHONEOS_DEPLOYMENT_TARGET = 16.2;
				MTL_ENABLE_DEBUG_INFO = NO;
				MTL_FAST_MATH = YES;
				SDKROOT = iphoneos;
				SWIFT_COMPILATION_MODE = wholemodule;
				SWIFT_OPTIMIZATION_LEVEL = "-O";
				VALIDATE_PRODUCT = YES;
			};
			name = Release;
		};
		ACD61FEE2AA3000500D5E3AD /* Debug */ = {
			isa = XCBuildConfiguration;
			buildSettings = {
				ASSETCATALOG_COMPILER_APPICON_NAME = AppIcon;
				ASSETCATALOG_COMPILER_GLOBAL_ACCENT_COLOR_NAME = AccentColor;
				CODE_SIGN_STYLE = Automatic;
				CURRENT_PROJECT_VERSION = 1;
				DEVELOPMENT_ASSET_PATHS = "\"Fructus/Preview Content\"";
				DEVELOPMENT_TEAM = 2W79HMLKDH;
				ENABLE_PREVIEWS = YES;
				GENERATE_INFOPLIST_FILE = YES;
				INFOPLIST_KEY_UIApplicationSceneManifest_Generation = YES;
				INFOPLIST_KEY_UIApplicationSupportsIndirectInputEvents = YES;
				INFOPLIST_KEY_UILaunchScreen_Generation = YES;
				INFOPLIST_KEY_UISupportedInterfaceOrientations = UIInterfaceOrientationPortrait;
				IPHONEOS_DEPLOYMENT_TARGET = 15.0;
				LD_RUNPATH_SEARCH_PATHS = (
					"$(inherited)",
					"@executable_path/Frameworks",
				);
				MARKETING_VERSION = 1.0;
				PRODUCT_BUNDLE_IDENTIFIER = SDK.ios.Fructus;
				PRODUCT_NAME = "$(TARGET_NAME)";
				SWIFT_EMIT_LOC_STRINGS = YES;
				SWIFT_VERSION = 5.0;
				TARGETED_DEVICE_FAMILY = "1,2";
			};
			name = Debug;
		};
		ACD61FEF2AA3000500D5E3AD /* Release */ = {
			isa = XCBuildConfiguration;
			buildSettings = {
				ASSETCATALOG_COMPILER_APPICON_NAME = AppIcon;
				ASSETCATALOG_COMPILER_GLOBAL_ACCENT_COLOR_NAME = AccentColor;
				CODE_SIGN_STYLE = Automatic;
				CURRENT_PROJECT_VERSION = 1;
				DEVELOPMENT_ASSET_PATHS = "\"Fructus/Preview Content\"";
				DEVELOPMENT_TEAM = 2W79HMLKDH;
				ENABLE_PREVIEWS = YES;
				GENERATE_INFOPLIST_FILE = YES;
				INFOPLIST_KEY_UIApplicationSceneManifest_Generation = YES;
				INFOPLIST_KEY_UIApplicationSupportsIndirectInputEvents = YES;
				INFOPLIST_KEY_UILaunchScreen_Generation = YES;
				INFOPLIST_KEY_UISupportedInterfaceOrientations = UIInterfaceOrientationPortrait;
				IPHONEOS_DEPLOYMENT_TARGET = 15.0;
				LD_RUNPATH_SEARCH_PATHS = (
					"$(inherited)",
					"@executable_path/Frameworks",
				);
				MARKETING_VERSION = 1.0;
				PRODUCT_BUNDLE_IDENTIFIER = SDK.ios.Fructus;
				PRODUCT_NAME = "$(TARGET_NAME)";
				SWIFT_EMIT_LOC_STRINGS = YES;
				SWIFT_VERSION = 5.0;
				TARGETED_DEVICE_FAMILY = "1,2";
			};
			name = Release;
		};
/* End XCBuildConfiguration section */

/* Begin XCConfigurationList section */
		ACD61FDA2AA3000400D5E3AD /* Build configuration list for PBXProject "Fructus" */ = {
			isa = XCConfigurationList;
			buildConfigurations = (
				ACD61FEB2AA3000500D5E3AD /* Debug */,
				ACD61FEC2AA3000500D5E3AD /* Release */,
			);
			defaultConfigurationIsVisible = 0;
			defaultConfigurationName = Release;
		};
		ACD61FED2AA3000500D5E3AD /* Build configuration list for PBXNativeTarget "Fructus" */ = {
			isa = XCConfigurationList;
			buildConfigurations = (
				ACD61FEE2AA3000500D5E3AD /* Debug */,
				ACD61FEF2AA3000500D5E3AD /* Release */,
			);
			defaultConfigurationIsVisible = 0;
			defaultConfigurationName = Release;
		};
/* End XCConfigurationList section */
	};
	rootObject = ACD61FD72AA3000400D5E3AD /* Project object */;
}
